// !$*UTF8*$!
{
	archiveVersion = 1;
	classes = {
	};
	objectVersion = 55;
	objects = {

/* Begin PBXBuildFile section */
		BF0AF2EC296E739800440701 /* AppDelegate.swift in Sources */ = {isa = PBXBuildFile; fileRef = BF0AF2EB296E739800440701 /* AppDelegate.swift */; };
		BF0AF2EE296E739800440701 /* SceneDelegate.swift in Sources */ = {isa = PBXBuildFile; fileRef = BF0AF2ED296E739800440701 /* SceneDelegate.swift */; };
		BF0AF2F0296E739800440701 /* ViewController.swift in Sources */ = {isa = PBXBuildFile; fileRef = BF0AF2EF296E739800440701 /* ViewController.swift */; };
		BF0AF2F3296E739800440701 /* Main.storyboard in Resources */ = {isa = PBXBuildFile; fileRef = BF0AF2F1296E739800440701 /* Main.storyboard */; };
		BF0AF2F5296E739900440701 /* Assets.xcassets in Resources */ = {isa = PBXBuildFile; fileRef = BF0AF2F4296E739900440701 /* Assets.xcassets */; };
		BF0AF2F8296E739900440701 /* LaunchScreen.storyboard in Resources */ = {isa = PBXBuildFile; fileRef = BF0AF2F6296E739900440701 /* LaunchScreen.storyboard */; };
		BF0AF303296E739900440701 /* MyTableViewTests.swift in Sources */ = {isa = PBXBuildFile; fileRef = BF0AF302296E739900440701 /* MyTableViewTests.swift */; };
		BF0AF31C296E73BD00440701 /* ThumbnailView.swift in Sources */ = {isa = PBXBuildFile; fileRef = BF0AF31B296E73BD00440701 /* ThumbnailView.swift */; };
/* End PBXBuildFile section */

/* Begin PBXContainerItemProxy section */
		BF0AF2FF296E739900440701 /* PBXContainerItemProxy */ = {
			isa = PBXContainerItemProxy;
			containerPortal = BF0AF2E0296E739800440701 /* Project object */;
			proxyType = 1;
			remoteGlobalIDString = BF0AF2E7296E739800440701;
			remoteInfo = MyTableView;
		};
		BF0AF309296E739900440701 /* PBXContainerItemProxy */ = {
			isa = PBXContainerItemProxy;
			containerPortal = BF0AF2E0296E739800440701 /* Project object */;
			proxyType = 1;
			remoteGlobalIDString = BF0AF2E7296E739800440701;
			remoteInfo = MyTableView;
		};
/* End PBXContainerItemProxy section */

/* Begin PBXFileReference section */
		BF0AF2E8296E739800440701 /* MyTableView.app */ = {isa = PBXFileReference; explicitFileType = wrapper.application; includeInIndex = 0; path = MyTableView.app; sourceTree = BUILT_PRODUCTS_DIR; };
		BF0AF2EB296E739800440701 /* AppDelegate.swift */ = {isa = PBXFileReference; lastKnownFileType = sourcecode.swift; path = AppDelegate.swift; sourceTree = "<group>"; };
		BF0AF2ED296E739800440701 /* SceneDelegate.swift */ = {isa = PBXFileReference; lastKnownFileType = sourcecode.swift; path = SceneDelegate.swift; sourceTree = "<group>"; };
		BF0AF2EF296E739800440701 /* ViewController.swift */ = {isa = PBXFileReference; lastKnownFileType = sourcecode.swift; path = ViewController.swift; sourceTree = "<group>"; };
		BF0AF2F2296E739800440701 /* Base */ = {isa = PBXFileReference; lastKnownFileType = file.storyboard; name = Base; path = Base.lproj/Main.storyboard; sourceTree = "<group>"; };
		BF0AF2F4296E739900440701 /* Assets.xcassets */ = {isa = PBXFileReference; lastKnownFileType = folder.assetcatalog; path = Assets.xcassets; sourceTree = "<group>"; };
		BF0AF2F7296E739900440701 /* Base */ = {isa = PBXFileReference; lastKnownFileType = file.storyboard; name = Base; path = Base.lproj/LaunchScreen.storyboard; sourceTree = "<group>"; };
		BF0AF2F9296E739900440701 /* Info.plist */ = {isa = PBXFileReference; lastKnownFileType = text.plist.xml; path = Info.plist; sourceTree = "<group>"; };
		BF0AF2FE296E739900440701 /* MyTableViewTests.xctest */ = {isa = PBXFileReference; explicitFileType = wrapper.cfbundle; includeInIndex = 0; path = MyTableViewTests.xctest; sourceTree = BUILT_PRODUCTS_DIR; };
		BF0AF302296E739900440701 /* MyTableViewTests.swift */ = {isa = PBXFileReference; lastKnownFileType = sourcecode.swift; path = MyTableViewTests.swift; sourceTree = "<group>"; };
		BF0AF308296E739900440701 /* MyTableViewUITests.xctest */ = {isa = PBXFileReference; explicitFileType = wrapper.cfbundle; includeInIndex = 0; path = MyTableViewUITests.xctest; sourceTree = BUILT_PRODUCTS_DIR; };
		BF0AF31B296E73BD00440701 /* ThumbnailView.swift */ = {isa = PBXFileReference; lastKnownFileType = sourcecode.swift; path = ThumbnailView.swift; sourceTree = "<group>"; };
/* End PBXFileReference section */

/* Begin PBXFrameworksBuildPhase section */
		BF0AF2E5296E739800440701 /* Frameworks */ = {
			isa = PBXFrameworksBuildPhase;
			buildActionMask = 2147483647;
			files = (
			);
			runOnlyForDeploymentPostprocessing = 0;
		};
		BF0AF2FB296E739900440701 /* Frameworks */ = {
			isa = PBXFrameworksBuildPhase;
			buildActionMask = 2147483647;
			files = (
			);
			runOnlyForDeploymentPostprocessing = 0;
		};
		BF0AF305296E739900440701 /* Frameworks */ = {
			isa = PBXFrameworksBuildPhase;
			buildActionMask = 2147483647;
			files = (
			);
			runOnlyForDeploymentPostprocessing = 0;
		};
/* End PBXFrameworksBuildPhase section */

/* Begin PBXGroup section */
		BF0AF2DF296E739800440701 = {
			isa = PBXGroup;
			children = (
				BF0AF2EA296E739800440701 /* MyTableView */,
				BF0AF301296E739900440701 /* MyTableViewTests */,
				BF0AF2E9296E739800440701 /* Products */,
			);
			sourceTree = "<group>";
		};
		BF0AF2E9296E739800440701 /* Products */ = {
			isa = PBXGroup;
			children = (
				BF0AF2E8296E739800440701 /* MyTableView.app */,
				BF0AF2FE296E739900440701 /* MyTableViewTests.xctest */,
				BF0AF308296E739900440701 /* MyTableViewUITests.xctest */,
			);
			name = Products;
			sourceTree = "<group>";
		};
		BF0AF2EA296E739800440701 /* MyTableView */ = {
			isa = PBXGroup;
			children = (
				BF0AF2EB296E739800440701 /* AppDelegate.swift */,
				BF0AF2ED296E739800440701 /* SceneDelegate.swift */,
				BF0AF2EF296E739800440701 /* ViewController.swift */,
				BF0AF31B296E73BD00440701 /* ThumbnailView.swift */,
				BF0AF2F1296E739800440701 /* Main.storyboard */,
				BF0AF2F4296E739900440701 /* Assets.xcassets */,
				BF0AF2F6296E739900440701 /* LaunchScreen.storyboard */,
				BF0AF2F9296E739900440701 /* Info.plist */,
			);
			path = MyTableView;
			sourceTree = "<group>";
		};
		BF0AF301296E739900440701 /* MyTableViewTests */ = {
			isa = PBXGroup;
			children = (
				BF0AF302296E739900440701 /* MyTableViewTests.swift */,
			);
			path = MyTableViewTests;
			sourceTree = "<group>";
		};
/* End PBXGroup section */

/* Begin PBXNativeTarget section */
		BF0AF2E7296E739800440701 /* MyTableView */ = {
			isa = PBXNativeTarget;
			buildConfigurationList = BF0AF312296E739900440701 /* Build configuration list for PBXNativeTarget "MyTableView" */;
			buildPhases = (
				BF0AF2E4296E739800440701 /* Sources */,
				BF0AF2E5296E739800440701 /* Frameworks */,
				BF0AF2E6296E739800440701 /* Resources */,
			);
			buildRules = (
			);
			dependencies = (
			);
			name = MyTableView;
			productName = MyTableView;
			productReference = BF0AF2E8296E739800440701 /* MyTableView.app */;
			productType = "com.apple.product-type.application";
		};
		BF0AF2FD296E739900440701 /* MyTableViewTests */ = {
			isa = PBXNativeTarget;
			buildConfigurationList = BF0AF315296E739900440701 /* Build configuration list for PBXNativeTarget "MyTableViewTests" */;
			buildPhases = (
				BF0AF2FA296E739900440701 /* Sources */,
				BF0AF2FB296E739900440701 /* Frameworks */,
				BF0AF2FC296E739900440701 /* Resources */,
			);
			buildRules = (
			);
			dependencies = (
				BF0AF300296E739900440701 /* PBXTargetDependency */,
			);
			name = MyTableViewTests;
			productName = MyTableViewTests;
			productReference = BF0AF2FE296E739900440701 /* MyTableViewTests.xctest */;
			productType = "com.apple.product-type.bundle.unit-test";
		};
		BF0AF307296E739900440701 /* MyTableViewUITests */ = {
			isa = PBXNativeTarget;
			buildConfigurationList = BF0AF318296E739900440701 /* Build configuration list for PBXNativeTarget "MyTableViewUITests" */;
			buildPhases = (
				BF0AF304296E739900440701 /* Sources */,
				BF0AF305296E739900440701 /* Frameworks */,
				BF0AF306296E739900440701 /* Resources */,
			);
			buildRules = (
			);
			dependencies = (
				BF0AF30A296E739900440701 /* PBXTargetDependency */,
			);
			name = MyTableViewUITests;
			productName = MyTableViewUITests;
			productReference = BF0AF308296E739900440701 /* MyTableViewUITests.xctest */;
			productType = "com.apple.product-type.bundle.ui-testing";
		};
/* End PBXNativeTarget section */

/* Begin PBXProject section */
		BF0AF2E0296E739800440701 /* Project object */ = {
			isa = PBXProject;
			attributes = {
				BuildIndependentTargetsInParallel = 1;
				LastSwiftUpdateCheck = 1340;
				LastUpgradeCheck = 1340;
				TargetAttributes = {
					BF0AF2E7296E739800440701 = {
						CreatedOnToolsVersion = 13.4;
					};
					BF0AF2FD296E739900440701 = {
						CreatedOnToolsVersion = 13.4;
						TestTargetID = BF0AF2E7296E739800440701;
					};
					BF0AF307296E739900440701 = {
						CreatedOnToolsVersion = 13.4;
						TestTargetID = BF0AF2E7296E739800440701;
					};
				};
			};
			buildConfigurationList = BF0AF2E3296E739800440701 /* Build configuration list for PBXProject "MyTableView" */;
			compatibilityVersion = "Xcode 13.0";
			developmentRegion = en;
			hasScannedForEncodings = 0;
			knownRegions = (
				en,
				Base,
			);
			mainGroup = BF0AF2DF296E739800440701;
			productRefGroup = BF0AF2E9296E739800440701 /* Products */;
			projectDirPath = "";
			projectRoot = "";
			targets = (
				BF0AF2E7296E739800440701 /* MyTableView */,
				BF0AF2FD296E739900440701 /* MyTableViewTests */,
				BF0AF307296E739900440701 /* MyTableViewUITests */,
			);
		};
/* End PBXProject section */

/* Begin PBXResourcesBuildPhase section */
		BF0AF2E6296E739800440701 /* Resources */ = {
			isa = PBXResourcesBuildPhase;
			buildActionMask = 2147483647;
			files = (
				BF0AF2F8296E739900440701 /* LaunchScreen.storyboard in Resources */,
				BF0AF2F5296E739900440701 /* Assets.xcassets in Resources */,
				BF0AF2F3296E739800440701 /* Main.storyboard in Resources */,
			);
			runOnlyForDeploymentPostprocessing = 0;
		};
		BF0AF2FC296E739900440701 /* Resources */ = {
			isa = PBXResourcesBuildPhase;
			buildActionMask = 2147483647;
			files = (
			);
			runOnlyForDeploymentPostprocessing = 0;
		};
		BF0AF306296E739900440701 /* Resources */ = {
			isa = PBXResourcesBuildPhase;
			buildActionMask = 2147483647;
			files = (
			);
			runOnlyForDeploymentPostprocessing = 0;
		};
/* End PBXResourcesBuildPhase section */

/* Begin PBXSourcesBuildPhase section */
		BF0AF2E4296E739800440701 /* Sources */ = {
			isa = PBXSourcesBuildPhase;
			buildActionMask = 2147483647;
			files = (
				BF0AF2F0296E739800440701 /* ViewController.swift in Sources */,
				BF0AF31C296E73BD00440701 /* ThumbnailView.swift in Sources */,
				BF0AF2EC296E739800440701 /* AppDelegate.swift in Sources */,
				BF0AF2EE296E739800440701 /* SceneDelegate.swift in Sources */,
			);
			runOnlyForDeploymentPostprocessing = 0;
		};
		BF0AF2FA296E739900440701 /* Sources */ = {
			isa = PBXSourcesBuildPhase;
			buildActionMask = 2147483647;
			files = (
				BF0AF303296E739900440701 /* MyTableViewTests.swift in Sources */,
			);
			runOnlyForDeploymentPostprocessing = 0;
		};
		BF0AF304296E739900440701 /* Sources */ = {
			isa = PBXSourcesBuildPhase;
			buildActionMask = 2147483647;
			files = (
			);
			runOnlyForDeploymentPostprocessing = 0;
		};
/* End PBXSourcesBuildPhase section */

/* Begin PBXTargetDependency section */
		BF0AF300296E739900440701 /* PBXTargetDependency */ = {
			isa = PBXTargetDependency;
			target = BF0AF2E7296E739800440701 /* MyTableView */;
			targetProxy = BF0AF2FF296E739900440701 /* PBXContainerItemProxy */;
		};
		BF0AF30A296E739900440701 /* PBXTargetDependency */ = {
			isa = PBXTargetDependency;
			target = BF0AF2E7296E739800440701 /* MyTableView */;
			targetProxy = BF0AF309296E739900440701 /* PBXContainerItemProxy */;
		};
/* End PBXTargetDependency section */

/* Begin PBXVariantGroup section */
		BF0AF2F1296E739800440701 /* Main.storyboard */ = {
			isa = PBXVariantGroup;
			children = (
				BF0AF2F2296E739800440701 /* Base */,
			);
			name = Main.storyboard;
			sourceTree = "<group>";
		};
		BF0AF2F6296E739900440701 /* LaunchScreen.storyboard */ = {
			isa = PBXVariantGroup;
			children = (
				BF0AF2F7296E739900440701 /* Base */,
			);
			name = LaunchScreen.storyboard;
			sourceTree = "<group>";
		};
/* End PBXVariantGroup section */

/* Begin XCBuildConfiguration section */
		BF0AF310296E739900440701 /* Debug */ = {
			isa = XCBuildConfiguration;
			buildSettings = {
				ALWAYS_SEARCH_USER_PATHS = NO;
				CLANG_ANALYZER_NONNULL = YES;
				CLANG_ANALYZER_NUMBER_OBJECT_CONVERSION = YES_AGGRESSIVE;
				CLANG_CXX_LANGUAGE_STANDARD = "gnu++17";
				CLANG_ENABLE_MODULES = YES;
				CLANG_ENABLE_OBJC_ARC = YES;
				CLANG_ENABLE_OBJC_WEAK = YES;
				CLANG_WARN_BLOCK_CAPTURE_AUTORELEASING = YES;
				CLANG_WARN_BOOL_CONVERSION = YES;
				CLANG_WARN_COMMA = YES;
				CLANG_WARN_CONSTANT_CONVERSION = YES;
				CLANG_WARN_DEPRECATED_OBJC_IMPLEMENTATIONS = YES;
				CLANG_WARN_DIRECT_OBJC_ISA_USAGE = YES_ERROR;
				CLANG_WARN_DOCUMENTATION_COMMENTS = YES;
				CLANG_WARN_EMPTY_BODY = YES;
				CLANG_WARN_ENUM_CONVERSION = YES;
				CLANG_WARN_INFINITE_RECURSION = YES;
				CLANG_WARN_INT_CONVERSION = YES;
				CLANG_WARN_NON_LITERAL_NULL_CONVERSION = YES;
				CLANG_WARN_OBJC_IMPLICIT_RETAIN_SELF = YES;
				CLANG_WARN_OBJC_LITERAL_CONVERSION = YES;
				CLANG_WARN_OBJC_ROOT_CLASS = YES_ERROR;
				CLANG_WARN_QUOTED_INCLUDE_IN_FRAMEWORK_HEADER = YES;
				CLANG_WARN_RANGE_LOOP_ANALYSIS = YES;
				CLANG_WARN_STRICT_PROTOTYPES = YES;
				CLANG_WARN_SUSPICIOUS_MOVE = YES;
				CLANG_WARN_UNGUARDED_AVAILABILITY = YES_AGGRESSIVE;
				CLANG_WARN_UNREACHABLE_CODE = YES;
				CLANG_WARN__DUPLICATE_METHOD_MATCH = YES;
				COPY_PHASE_STRIP = NO;
				DEBUG_INFORMATION_FORMAT = dwarf;
				ENABLE_STRICT_OBJC_MSGSEND = YES;
				ENABLE_TESTABILITY = YES;
				GCC_C_LANGUAGE_STANDARD = gnu11;
				GCC_DYNAMIC_NO_PIC = NO;
				GCC_NO_COMMON_BLOCKS = YES;
				GCC_OPTIMIZATION_LEVEL = 0;
				GCC_PREPROCESSOR_DEFINITIONS = (
					"DEBUG=1",
					"$(inherited)",
				);
				GCC_WARN_64_TO_32_BIT_CONVERSION = YES;
				GCC_WARN_ABOUT_RETURN_TYPE = YES_ERROR;
				GCC_WARN_UNDECLARED_SELECTOR = YES;
				GCC_WARN_UNINITIALIZED_AUTOS = YES_AGGRESSIVE;
				GCC_WARN_UNUSED_FUNCTION = YES;
				GCC_WARN_UNUSED_VARIABLE = YES;
				IPHONEOS_DEPLOYMENT_TARGET = 15.5;
				MTL_ENABLE_DEBUG_INFO = INCLUDE_SOURCE;
				MTL_FAST_MATH = YES;
				ONLY_ACTIVE_ARCH = YES;
				SDKROOT = iphoneos;
				SWIFT_ACTIVE_COMPILATION_CONDITIONS = DEBUG;
				SWIFT_OPTIMIZATION_LEVEL = "-Onone";
			};
			name = Debug;
		};
		BF0AF311296E739900440701 /* Release */ = {
			isa = XCBuildConfiguration;
			buildSettings = {
				ALWAYS_SEARCH_USER_PATHS = NO;
				CLANG_ANALYZER_NONNULL = YES;
				CLANG_ANALYZER_NUMBER_OBJECT_CONVERSION = YES_AGGRESSIVE;
				CLANG_CXX_LANGUAGE_STANDARD = "gnu++17";
				CLANG_ENABLE_MODULES = YES;
				CLANG_ENABLE_OBJC_ARC = YES;
				CLANG_ENABLE_OBJC_WEAK = YES;
				CLANG_WARN_BLOCK_CAPTURE_AUTORELEASING = YES;
				CLANG_WARN_BOOL_CONVERSION = YES;
				CLANG_WARN_COMMA = YES;
				CLANG_WARN_CONSTANT_CONVERSION = YES;
				CLANG_WARN_DEPRECATED_OBJC_IMPLEMENTATIONS = YES;
				CLANG_WARN_DIRECT_OBJC_ISA_USAGE = YES_ERROR;
				CLANG_WARN_DOCUMENTATION_COMMENTS = YES;
				CLANG_WARN_EMPTY_BODY = YES;
				CLANG_WARN_ENUM_CONVERSION = YES;
				CLANG_WARN_INFINITE_RECURSION = YES;
				CLANG_WARN_INT_CONVERSION = YES;
				CLANG_WARN_NON_LITERAL_NULL_CONVERSION = YES;
				CLANG_WARN_OBJC_IMPLICIT_RETAIN_SELF = YES;
				CLANG_WARN_OBJC_LITERAL_CONVERSION = YES;
				CLANG_WARN_OBJC_ROOT_CLASS = YES_ERROR;
				CLANG_WARN_QUOTED_INCLUDE_IN_FRAMEWORK_HEADER = YES;
				CLANG_WARN_RANGE_LOOP_ANALYSIS = YES;
				CLANG_WARN_STRICT_PROTOTYPES = YES;
				CLANG_WARN_SUSPICIOUS_MOVE = YES;
				CLANG_WARN_UNGUARDED_AVAILABILITY = YES_AGGRESSIVE;
				CLANG_WARN_UNREACHABLE_CODE = YES;
				CLANG_WARN__DUPLICATE_METHOD_MATCH = YES;
				COPY_PHASE_STRIP = NO;
				DEBUG_INFORMATION_FORMAT = "dwarf-with-dsym";
				ENABLE_NS_ASSERTIONS = NO;
				ENABLE_STRICT_OBJC_MSGSEND = YES;
				GCC_C_LANGUAGE_STANDARD = gnu11;
				GCC_NO_COMMON_BLOCKS = YES;
				GCC_WARN_64_TO_32_BIT_CONVERSION = YES;
				GCC_WARN_ABOUT_RETURN_TYPE = YES_ERROR;
				GCC_WARN_UNDECLARED_SELECTOR = YES;
				GCC_WARN_UNINITIALIZED_AUTOS = YES_AGGRESSIVE;
				GCC_WARN_UNUSED_FUNCTION = YES;
				GCC_WARN_UNUSED_VARIABLE = YES;
				IPHONEOS_DEPLOYMENT_TARGET = 15.5;
				MTL_ENABLE_DEBUG_INFO = NO;
				MTL_FAST_MATH = YES;
				SDKROOT = iphoneos;
				SWIFT_COMPILATION_MODE = wholemodule;
				SWIFT_OPTIMIZATION_LEVEL = "-O";
				VALIDATE_PRODUCT = YES;
			};
			name = Release;
		};
		BF0AF313296E739900440701 /* Debug */ = {
			isa = XCBuildConfiguration;
			buildSettings = {
				ASSETCATALOG_COMPILER_APPICON_NAME = AppIcon;
				ASSETCATALOG_COMPILER_GLOBAL_ACCENT_COLOR_NAME = AccentColor;
				CODE_SIGN_STYLE = Automatic;
				CURRENT_PROJECT_VERSION = 1;
				DEVELOPMENT_TEAM = 6RZRPUZ77T;
				GENERATE_INFOPLIST_FILE = YES;
				INFOPLIST_FILE = MyTableView/Info.plist;
				INFOPLIST_KEY_UIApplicationSupportsIndirectInputEvents = YES;
				INFOPLIST_KEY_UILaunchStoryboardName = LaunchScreen;
				INFOPLIST_KEY_UIMainStoryboardFile = Main;
				INFOPLIST_KEY_UISupportedInterfaceOrientations_iPad = "UIInterfaceOrientationPortrait UIInterfaceOrientationPortraitUpsideDown UIInterfaceOrientationLandscapeLeft UIInterfaceOrientationLandscapeRight";
				INFOPLIST_KEY_UISupportedInterfaceOrientations_iPhone = "UIInterfaceOrientationPortrait UIInterfaceOrientationLandscapeLeft UIInterfaceOrientationLandscapeRight";
				LD_RUNPATH_SEARCH_PATHS = (
					"$(inherited)",
					"@executable_path/Frameworks",
				);
				MARKETING_VERSION = 1.0;
				PRODUCT_BUNDLE_IDENTIFIER = com.simon.MyTableView;
				PRODUCT_NAME = "$(TARGET_NAME)";
				SWIFT_EMIT_LOC_STRINGS = YES;
				SWIFT_VERSION = 5.0;
				TARGETED_DEVICE_FAMILY = "1,2";
			};
			name = Debug;
		};
		BF0AF314296E739900440701 /* Release */ = {
			isa = XCBuildConfiguration;
			buildSettings = {
				ASSETCATALOG_COMPILER_APPICON_NAME = AppIcon;
				ASSETCATALOG_COMPILER_GLOBAL_ACCENT_COLOR_NAME = AccentColor;
				CODE_SIGN_STYLE = Automatic;
				CURRENT_PROJECT_VERSION = 1;
				DEVELOPMENT_TEAM = 6RZRPUZ77T;
				GENERATE_INFOPLIST_FILE = YES;
				INFOPLIST_FILE = MyTableView/Info.plist;
				INFOPLIST_KEY_UIApplicationSupportsIndirectInputEvents = YES;
				INFOPLIST_KEY_UILaunchStoryboardName = LaunchScreen;
				INFOPLIST_KEY_UIMainStoryboardFile = Main;
				INFOPLIST_KEY_UISupportedInterfaceOrientations_iPad = "UIInterfaceOrientationPortrait UIInterfaceOrientationPortraitUpsideDown UIInterfaceOrientationLandscapeLeft UIInterfaceOrientationLandscapeRight";
				INFOPLIST_KEY_UISupportedInterfaceOrientations_iPhone = "UIInterfaceOrientationPortrait UIInterfaceOrientationLandscapeLeft UIInterfaceOrientationLandscapeRight";
				LD_RUNPATH_SEARCH_PATHS = (
					"$(inherited)",
					"@executable_path/Frameworks",
				);
				MARKETING_VERSION = 1.0;
				PRODUCT_BUNDLE_IDENTIFIER = com.simon.MyTableView;
				PRODUCT_NAME = "$(TARGET_NAME)";
				SWIFT_EMIT_LOC_STRINGS = YES;
				SWIFT_VERSION = 5.0;
				TARGETED_DEVICE_FAMILY = "1,2";
			};
			name = Release;
		};
		BF0AF316296E739900440701 /* Debug */ = {
			isa = XCBuildConfiguration;
			buildSettings = {
				ALWAYS_EMBED_SWIFT_STANDARD_LIBRARIES = YES;
				BUNDLE_LOADER = "$(TEST_HOST)";
				CODE_SIGN_STYLE = Automatic;
				CURRENT_PROJECT_VERSION = 1;
				DEVELOPMENT_TEAM = 6RZRPUZ77T;
				GENERATE_INFOPLIST_FILE = YES;
				IPHONEOS_DEPLOYMENT_TARGET = 15.5;
				MARKETING_VERSION = 1.0;
				PRODUCT_BUNDLE_IDENTIFIER = com.simon.MyTableViewTests;
				PRODUCT_NAME = "$(TARGET_NAME)";
				SWIFT_EMIT_LOC_STRINGS = NO;
				SWIFT_VERSION = 5.0;
				TARGETED_DEVICE_FAMILY = "1,2";
				TEST_HOST = "$(BUILT_PRODUCTS_DIR)/MyTableView.app/MyTableView";
			};
			name = Debug;
		};
		BF0AF317296E739900440701 /* Release */ = {
			isa = XCBuildConfiguration;
			buildSettings = {
				ALWAYS_EMBED_SWIFT_STANDARD_LIBRARIES = YES;
				BUNDLE_LOADER = "$(TEST_HOST)";
				CODE_SIGN_STYLE = Automatic;
				CURRENT_PROJECT_VERSION = 1;
				DEVELOPMENT_TEAM = 6RZRPUZ77T;
				GENERATE_INFOPLIST_FILE = YES;
				IPHONEOS_DEPLOYMENT_TARGET = 15.5;
				MARKETING_VERSION = 1.0;
				PRODUCT_BUNDLE_IDENTIFIER = com.simon.MyTableViewTests;
				PRODUCT_NAME = "$(TARGET_NAME)";
				SWIFT_EMIT_LOC_STRINGS = NO;
				SWIFT_VERSION = 5.0;
				TARGETED_DEVICE_FAMILY = "1,2";
				TEST_HOST = "$(BUILT_PRODUCTS_DIR)/MyTableView.app/MyTableView";
			};
			name = Release;
		};
		BF0AF319296E739900440701 /* Debug */ = {
			isa = XCBuildConfiguration;
			buildSettings = {
				ALWAYS_EMBED_SWIFT_STANDARD_LIBRARIES = YES;
				CODE_SIGN_STYLE = Automatic;
				CURRENT_PROJECT_VERSION = 1;
				DEVELOPMENT_TEAM = 6RZRPUZ77T;
				GENERATE_INFOPLIST_FILE = YES;
				MARKETING_VERSION = 1.0;
				PRODUCT_BUNDLE_IDENTIFIER = com.simon.MyTableViewUITests;
				PRODUCT_NAME = "$(TARGET_NAME)";
				SWIFT_EMIT_LOC_STRINGS = NO;
				SWIFT_VERSION = 5.0;
				TARGETED_DEVICE_FAMILY = "1,2";
				TEST_TARGET_NAME = MyTableView;
			};
			name = Debug;
		};
		BF0AF31A296E739900440701 /* Release */ = {
			isa = XCBuildConfiguration;
			buildSettings = {
				ALWAYS_EMBED_SWIFT_STANDARD_LIBRARIES = YES;
				CODE_SIGN_STYLE = Automatic;
				CURRENT_PROJECT_VERSION = 1;
				DEVELOPMENT_TEAM = 6RZRPUZ77T;
				GENERATE_INFOPLIST_FILE = YES;
				MARKETING_VERSION = 1.0;
				PRODUCT_BUNDLE_IDENTIFIER = com.simon.MyTableViewUITests;
				PRODUCT_NAME = "$(TARGET_NAME)";
				SWIFT_EMIT_LOC_STRINGS = NO;
				SWIFT_VERSION = 5.0;
				TARGETED_DEVICE_FAMILY = "1,2";
				TEST_TARGET_NAME = MyTableView;
			};
			name = Release;
		};
/* End XCBuildConfiguration section */

/* Begin XCConfigurationList section */
		BF0AF2E3296E739800440701 /* Build configuration list for PBXProject "MyTableView" */ = {
			isa = XCConfigurationList;
			buildConfigurations = (
				BF0AF310296E739900440701 /* Debug */,
				BF0AF311296E739900440701 /* Release */,
			);
			defaultConfigurationIsVisible = 0;
			defaultConfigurationName = Release;
		};
		BF0AF312296E739900440701 /* Build configuration list for PBXNativeTarget "MyTableView" */ = {
			isa = XCConfigurationList;
			buildConfigurations = (
				BF0AF313296E739900440701 /* Debug */,
				BF0AF314296E739900440701 /* Release */,
			);
			defaultConfigurationIsVisible = 0;
			defaultConfigurationName = Release;
		};
		BF0AF315296E739900440701 /* Build configuration list for PBXNativeTarget "MyTableViewTests" */ = {
			isa = XCConfigurationList;
			buildConfigurations = (
				BF0AF316296E739900440701 /* Debug */,
				BF0AF317296E739900440701 /* Release */,
			);
			defaultConfigurationIsVisible = 0;
			defaultConfigurationName = Release;
		};
		BF0AF318296E739900440701 /* Build configuration list for PBXNativeTarget "MyTableViewUITests" */ = {
			isa = XCConfigurationList;
			buildConfigurations = (
				BF0AF319296E739900440701 /* Debug */,
				BF0AF31A296E739900440701 /* Release */,
			);
			defaultConfigurationIsVisible = 0;
			defaultConfigurationName = Release;
		};
/* End XCConfigurationList section */
	};
	rootObject = BF0AF2E0296E739800440701 /* Project object */;
}
